// !$*UTF8*$!
{
	archiveVersion = 1;
	classes = {
	};
	objectVersion = 46;
	objects = {

/* Begin PBXBuildFile section */
		4C1635D11F6B4F8B0068C84C /* MathFact.swift in Sources */ = {isa = PBXBuildFile; fileRef = 4C1635D01F6B4F8B0068C84C /* MathFact.swift */; };
		4C18CE1C1F63284500EE6CED /* AppDelegate.swift in Sources */ = {isa = PBXBuildFile; fileRef = 4C18CE1B1F63284500EE6CED /* AppDelegate.swift */; };
		4C18CE1E1F63284500EE6CED /* HomeController.swift in Sources */ = {isa = PBXBuildFile; fileRef = 4C18CE1D1F63284500EE6CED /* HomeController.swift */; };
		4C18CE231F63284500EE6CED /* Assets.xcassets in Resources */ = {isa = PBXBuildFile; fileRef = 4C18CE221F63284500EE6CED /* Assets.xcassets */; };
		4C18CE311F63284500EE6CED /* mathfactsquizTests.swift in Sources */ = {isa = PBXBuildFile; fileRef = 4C18CE301F63284500EE6CED /* mathfactsquizTests.swift */; };
		4C18CE3C1F63284500EE6CED /* mathfactsquizUITests.swift in Sources */ = {isa = PBXBuildFile; fileRef = 4C18CE3B1F63284500EE6CED /* mathfactsquizUITests.swift */; };
		4C18CE4C1F6330DC00EE6CED /* Extensions.swift in Sources */ = {isa = PBXBuildFile; fileRef = 4C18CE4B1F6330DC00EE6CED /* Extensions.swift */; };
		4C18CE4E1F63322E00EE6CED /* DashboardController.swift in Sources */ = {isa = PBXBuildFile; fileRef = 4C18CE4D1F63322E00EE6CED /* DashboardController.swift */; };
		4C344E781F646815005ECEDA /* KeyboardResizedContainerView.swift in Sources */ = {isa = PBXBuildFile; fileRef = 4C344E771F646815005ECEDA /* KeyboardResizedContainerView.swift */; };
		4C81281C1F6DC4B400982532 /* QuizController.swift in Sources */ = {isa = PBXBuildFile; fileRef = 4C81281B1F6DC4B400982532 /* QuizController.swift */; };
		4C81281E1F6DCCFF00982532 /* MathFactView.swift in Sources */ = {isa = PBXBuildFile; fileRef = 4C81281D1F6DCCFF00982532 /* MathFactView.swift */; };
		4CDC374C1F633B7700225CAD /* Values.swift in Sources */ = {isa = PBXBuildFile; fileRef = 4CDC374B1F633B7700225CAD /* Values.swift */; };
		5A83B4D0183666AB6BB9D887 /* Pods_mathfactsquiz.framework in Frameworks */ = {isa = PBXBuildFile; fileRef = 1576F5EB9A67889CD81CA1CC /* Pods_mathfactsquiz.framework */; };
/* End PBXBuildFile section */

/* Begin PBXContainerItemProxy section */
		4C18CE2D1F63284500EE6CED /* PBXContainerItemProxy */ = {
			isa = PBXContainerItemProxy;
			containerPortal = 4C18CE101F63284500EE6CED /* Project object */;
			proxyType = 1;
			remoteGlobalIDString = 4C18CE171F63284500EE6CED;
			remoteInfo = mathfactsquiz;
		};
		4C18CE381F63284500EE6CED /* PBXContainerItemProxy */ = {
			isa = PBXContainerItemProxy;
			containerPortal = 4C18CE101F63284500EE6CED /* Project object */;
			proxyType = 1;
			remoteGlobalIDString = 4C18CE171F63284500EE6CED;
			remoteInfo = mathfactsquiz;
		};
/* End PBXContainerItemProxy section */

/* Begin PBXFileReference section */
		1576F5EB9A67889CD81CA1CC /* Pods_mathfactsquiz.framework */ = {isa = PBXFileReference; explicitFileType = wrapper.framework; includeInIndex = 0; path = Pods_mathfactsquiz.framework; sourceTree = BUILT_PRODUCTS_DIR; };
		4C1635D01F6B4F8B0068C84C /* MathFact.swift */ = {isa = PBXFileReference; fileEncoding = 4; lastKnownFileType = sourcecode.swift; path = MathFact.swift; sourceTree = "<group>"; };
		4C18CE181F63284500EE6CED /* mathfactsquiz.app */ = {isa = PBXFileReference; explicitFileType = wrapper.application; includeInIndex = 0; path = mathfactsquiz.app; sourceTree = BUILT_PRODUCTS_DIR; };
		4C18CE1B1F63284500EE6CED /* AppDelegate.swift */ = {isa = PBXFileReference; lastKnownFileType = sourcecode.swift; path = AppDelegate.swift; sourceTree = "<group>"; };
		4C18CE1D1F63284500EE6CED /* HomeController.swift */ = {isa = PBXFileReference; lastKnownFileType = sourcecode.swift; path = HomeController.swift; sourceTree = "<group>"; };
		4C18CE221F63284500EE6CED /* Assets.xcassets */ = {isa = PBXFileReference; lastKnownFileType = folder.assetcatalog; path = Assets.xcassets; sourceTree = "<group>"; };
		4C18CE271F63284500EE6CED /* Info.plist */ = {isa = PBXFileReference; lastKnownFileType = text.plist.xml; path = Info.plist; sourceTree = "<group>"; };
		4C18CE2C1F63284500EE6CED /* mathfactsquizTests.xctest */ = {isa = PBXFileReference; explicitFileType = wrapper.cfbundle; includeInIndex = 0; path = mathfactsquizTests.xctest; sourceTree = BUILT_PRODUCTS_DIR; };
		4C18CE301F63284500EE6CED /* mathfactsquizTests.swift */ = {isa = PBXFileReference; lastKnownFileType = sourcecode.swift; path = mathfactsquizTests.swift; sourceTree = "<group>"; };
		4C18CE321F63284500EE6CED /* Info.plist */ = {isa = PBXFileReference; lastKnownFileType = text.plist.xml; path = Info.plist; sourceTree = "<group>"; };
		4C18CE371F63284500EE6CED /* mathfactsquizUITests.xctest */ = {isa = PBXFileReference; explicitFileType = wrapper.cfbundle; includeInIndex = 0; path = mathfactsquizUITests.xctest; sourceTree = BUILT_PRODUCTS_DIR; };
		4C18CE3B1F63284500EE6CED /* mathfactsquizUITests.swift */ = {isa = PBXFileReference; lastKnownFileType = sourcecode.swift; path = mathfactsquizUITests.swift; sourceTree = "<group>"; };
		4C18CE3D1F63284500EE6CED /* Info.plist */ = {isa = PBXFileReference; lastKnownFileType = text.plist.xml; path = Info.plist; sourceTree = "<group>"; };
		4C18CE4B1F6330DC00EE6CED /* Extensions.swift */ = {isa = PBXFileReference; fileEncoding = 4; lastKnownFileType = sourcecode.swift; path = Extensions.swift; sourceTree = "<group>"; };
		4C18CE4D1F63322E00EE6CED /* DashboardController.swift */ = {isa = PBXFileReference; fileEncoding = 4; lastKnownFileType = sourcecode.swift; path = DashboardController.swift; sourceTree = "<group>"; };
		4C344E771F646815005ECEDA /* KeyboardResizedContainerView.swift */ = {isa = PBXFileReference; fileEncoding = 4; lastKnownFileType = sourcecode.swift; path = KeyboardResizedContainerView.swift; sourceTree = "<group>"; };
		4C81281B1F6DC4B400982532 /* QuizController.swift */ = {isa = PBXFileReference; fileEncoding = 4; lastKnownFileType = sourcecode.swift; path = QuizController.swift; sourceTree = "<group>"; };
		4C81281D1F6DCCFF00982532 /* MathFactView.swift */ = {isa = PBXFileReference; fileEncoding = 4; lastKnownFileType = sourcecode.swift; path = MathFactView.swift; sourceTree = "<group>"; };
		4CDC374B1F633B7700225CAD /* Values.swift */ = {isa = PBXFileReference; fileEncoding = 4; lastKnownFileType = sourcecode.swift; path = Values.swift; sourceTree = "<group>"; };
		521D245F541503AAAE199219 /* Pods-mathfactsquiz.debug.xcconfig */ = {isa = PBXFileReference; includeInIndex = 1; lastKnownFileType = text.xcconfig; name = "Pods-mathfactsquiz.debug.xcconfig"; path = "Pods/Target Support Files/Pods-mathfactsquiz/Pods-mathfactsquiz.debug.xcconfig"; sourceTree = "<group>"; };
		7552DEB6E7DFB9933F610EA5 /* Pods-mathfactsquiz.release.xcconfig */ = {isa = PBXFileReference; includeInIndex = 1; lastKnownFileType = text.xcconfig; name = "Pods-mathfactsquiz.release.xcconfig"; path = "Pods/Target Support Files/Pods-mathfactsquiz/Pods-mathfactsquiz.release.xcconfig"; sourceTree = "<group>"; };
		AB7BBF0529D8505F27BBA88D /* Pods_mathfactsquizUITests.framework */ = {isa = PBXFileReference; explicitFileType = wrapper.framework; includeInIndex = 0; path = Pods_mathfactsquizUITests.framework; sourceTree = BUILT_PRODUCTS_DIR; };
		F158455EF983C454C48FFCA2 /* Pods_mathfactsquizTests.framework */ = {isa = PBXFileReference; explicitFileType = wrapper.framework; includeInIndex = 0; path = Pods_mathfactsquizTests.framework; sourceTree = BUILT_PRODUCTS_DIR; };
/* End PBXFileReference section */

/* Begin PBXFrameworksBuildPhase section */
		4C18CE151F63284500EE6CED /* Frameworks */ = {
			isa = PBXFrameworksBuildPhase;
			buildActionMask = 2147483647;
			files = (
				5A83B4D0183666AB6BB9D887 /* Pods_mathfactsquiz.framework in Frameworks */,
			);
			runOnlyForDeploymentPostprocessing = 0;
		};
		4C18CE291F63284500EE6CED /* Frameworks */ = {
			isa = PBXFrameworksBuildPhase;
			buildActionMask = 2147483647;
			files = (
			);
			runOnlyForDeploymentPostprocessing = 0;
		};
		4C18CE341F63284500EE6CED /* Frameworks */ = {
			isa = PBXFrameworksBuildPhase;
			buildActionMask = 2147483647;
			files = (
			);
			runOnlyForDeploymentPostprocessing = 0;
		};
/* End PBXFrameworksBuildPhase section */

/* Begin PBXGroup section */
		312F4B0B8C84FD4E7F72D243 /* Frameworks */ = {
			isa = PBXGroup;
			children = (
				1576F5EB9A67889CD81CA1CC /* Pods_mathfactsquiz.framework */,
				F158455EF983C454C48FFCA2 /* Pods_mathfactsquizTests.framework */,
				AB7BBF0529D8505F27BBA88D /* Pods_mathfactsquizUITests.framework */,
			);
			name = Frameworks;
			sourceTree = "<group>";
		};
		469CA7BAB27177240C2961A9 /* Pods */ = {
			isa = PBXGroup;
			children = (
				521D245F541503AAAE199219 /* Pods-mathfactsquiz.debug.xcconfig */,
				7552DEB6E7DFB9933F610EA5 /* Pods-mathfactsquiz.release.xcconfig */,
			);
			name = Pods;
			sourceTree = "<group>";
		};
		4C1635CF1F6B4F420068C84C /* Model */ = {
			isa = PBXGroup;
			children = (
				4C1635D01F6B4F8B0068C84C /* MathFact.swift */,
			);
			name = Model;
			sourceTree = "<group>";
		};
		4C18CE0F1F63284500EE6CED = {
			isa = PBXGroup;
			children = (
				4C18CE1A1F63284500EE6CED /* mathfactsquiz */,
				4C18CE2F1F63284500EE6CED /* mathfactsquizTests */,
				4C18CE3A1F63284500EE6CED /* mathfactsquizUITests */,
				4C18CE191F63284500EE6CED /* Products */,
				469CA7BAB27177240C2961A9 /* Pods */,
				312F4B0B8C84FD4E7F72D243 /* Frameworks */,
			);
			sourceTree = "<group>";
		};
		4C18CE191F63284500EE6CED /* Products */ = {
			isa = PBXGroup;
			children = (
				4C18CE181F63284500EE6CED /* mathfactsquiz.app */,
				4C18CE2C1F63284500EE6CED /* mathfactsquizTests.xctest */,
				4C18CE371F63284500EE6CED /* mathfactsquizUITests.xctest */,
			);
			name = Products;
			sourceTree = "<group>";
		};
		4C18CE1A1F63284500EE6CED /* mathfactsquiz */ = {
			isa = PBXGroup;
			children = (
				4C1635CF1F6B4F420068C84C /* Model */,
				4C344E761F6467DE005ECEDA /* View */,
				4C18CE491F632F2300EE6CED /* Controller */,
				4CDC374A1F633B6800225CAD /* Supporting Files */,
				4C18CE221F63284500EE6CED /* Assets.xcassets */,
				4C18CE271F63284500EE6CED /* Info.plist */,
				4C18CE1B1F63284500EE6CED /* AppDelegate.swift */,
			);
			path = mathfactsquiz;
			sourceTree = "<group>";
		};
		4C18CE2F1F63284500EE6CED /* mathfactsquizTests */ = {
			isa = PBXGroup;
			children = (
				4C18CE301F63284500EE6CED /* mathfactsquizTests.swift */,
				4C18CE321F63284500EE6CED /* Info.plist */,
			);
			path = mathfactsquizTests;
			sourceTree = "<group>";
		};
		4C18CE3A1F63284500EE6CED /* mathfactsquizUITests */ = {
			isa = PBXGroup;
			children = (
				4C18CE3B1F63284500EE6CED /* mathfactsquizUITests.swift */,
				4C18CE3D1F63284500EE6CED /* Info.plist */,
			);
			path = mathfactsquizUITests;
			sourceTree = "<group>";
		};
		4C18CE491F632F2300EE6CED /* Controller */ = {
			isa = PBXGroup;
			children = (
				4C18CE1D1F63284500EE6CED /* HomeController.swift */,
				4C18CE4D1F63322E00EE6CED /* DashboardController.swift */,
				4C81281B1F6DC4B400982532 /* QuizController.swift */,
			);
			name = Controller;
			sourceTree = "<group>";
		};
		4C344E761F6467DE005ECEDA /* View */ = {
			isa = PBXGroup;
			children = (
				4C344E771F646815005ECEDA /* KeyboardResizedContainerView.swift */,
				4C81281D1F6DCCFF00982532 /* MathFactView.swift */,
			);
			name = View;
			sourceTree = "<group>";
		};
		4CDC374A1F633B6800225CAD /* Supporting Files */ = {
			isa = PBXGroup;
			children = (
				4C18CE4B1F6330DC00EE6CED /* Extensions.swift */,
				4CDC374B1F633B7700225CAD /* Values.swift */,
			);
			name = "Supporting Files";
			sourceTree = "<group>";
		};
/* End PBXGroup section */

/* Begin PBXNativeTarget section */
		4C18CE171F63284500EE6CED /* mathfactsquiz */ = {
			isa = PBXNativeTarget;
			buildConfigurationList = 4C18CE401F63284500EE6CED /* Build configuration list for PBXNativeTarget "mathfactsquiz" */;
			buildPhases = (
				A161AAB938647B03570E91C0 /* [CP] Check Pods Manifest.lock */,
				4C18CE141F63284500EE6CED /* Sources */,
				4C18CE151F63284500EE6CED /* Frameworks */,
				4C18CE161F63284500EE6CED /* Resources */,
				FDAE68131A5E4CC0A6D634EF /* [CP] Embed Pods Frameworks */,
				74B94EC2CFB60EBAD2A74D1C /* [CP] Copy Pods Resources */,
			);
			buildRules = (
			);
			dependencies = (
			);
			name = mathfactsquiz;
			productName = mathfactsquiz;
			productReference = 4C18CE181F63284500EE6CED /* mathfactsquiz.app */;
			productType = "com.apple.product-type.application";
		};
		4C18CE2B1F63284500EE6CED /* mathfactsquizTests */ = {
			isa = PBXNativeTarget;
			buildConfigurationList = 4C18CE431F63284500EE6CED /* Build configuration list for PBXNativeTarget "mathfactsquizTests" */;
			buildPhases = (
				4C18CE281F63284500EE6CED /* Sources */,
				4C18CE291F63284500EE6CED /* Frameworks */,
				4C18CE2A1F63284500EE6CED /* Resources */,
			);
			buildRules = (
			);
			dependencies = (
				4C18CE2E1F63284500EE6CED /* PBXTargetDependency */,
			);
			name = mathfactsquizTests;
			productName = mathfactsquizTests;
			productReference = 4C18CE2C1F63284500EE6CED /* mathfactsquizTests.xctest */;
			productType = "com.apple.product-type.bundle.unit-test";
		};
		4C18CE361F63284500EE6CED /* mathfactsquizUITests */ = {
			isa = PBXNativeTarget;
			buildConfigurationList = 4C18CE461F63284500EE6CED /* Build configuration list for PBXNativeTarget "mathfactsquizUITests" */;
			buildPhases = (
				4C18CE331F63284500EE6CED /* Sources */,
				4C18CE341F63284500EE6CED /* Frameworks */,
				4C18CE351F63284500EE6CED /* Resources */,
			);
			buildRules = (
			);
			dependencies = (
				4C18CE391F63284500EE6CED /* PBXTargetDependency */,
			);
			name = mathfactsquizUITests;
			productName = mathfactsquizUITests;
			productReference = 4C18CE371F63284500EE6CED /* mathfactsquizUITests.xctest */;
			productType = "com.apple.product-type.bundle.ui-testing";
		};
/* End PBXNativeTarget section */

/* Begin PBXProject section */
		4C18CE101F63284500EE6CED /* Project object */ = {
			isa = PBXProject;
			attributes = {
				LastSwiftUpdateCheck = 0830;
				LastUpgradeCheck = 0830;
				ORGANIZATIONNAME = "Michael Pavkovic";
				TargetAttributes = {
					4C18CE171F63284500EE6CED = {
						CreatedOnToolsVersion = 8.3.3;
						DevelopmentTeam = JNJXDSD7E8;
						ProvisioningStyle = Automatic;
					};
					4C18CE2B1F63284500EE6CED = {
						CreatedOnToolsVersion = 8.3.3;
						ProvisioningStyle = Automatic;
						TestTargetID = 4C18CE171F63284500EE6CED;
					};
					4C18CE361F63284500EE6CED = {
						CreatedOnToolsVersion = 8.3.3;
						ProvisioningStyle = Automatic;
						TestTargetID = 4C18CE171F63284500EE6CED;
					};
				};
			};
			buildConfigurationList = 4C18CE131F63284500EE6CED /* Build configuration list for PBXProject "mathfactsquiz" */;
			compatibilityVersion = "Xcode 3.2";
			developmentRegion = English;
			hasScannedForEncodings = 0;
			knownRegions = (
				en,
				Base,
			);
			mainGroup = 4C18CE0F1F63284500EE6CED;
			productRefGroup = 4C18CE191F63284500EE6CED /* Products */;
			projectDirPath = "";
			projectRoot = "";
			targets = (
				4C18CE171F63284500EE6CED /* mathfactsquiz */,
				4C18CE2B1F63284500EE6CED /* mathfactsquizTests */,
				4C18CE361F63284500EE6CED /* mathfactsquizUITests */,
			);
		};
/* End PBXProject section */

/* Begin PBXResourcesBuildPhase section */
		4C18CE161F63284500EE6CED /* Resources */ = {
			isa = PBXResourcesBuildPhase;
			buildActionMask = 2147483647;
			files = (
				4C18CE231F63284500EE6CED /* Assets.xcassets in Resources */,
			);
			runOnlyForDeploymentPostprocessing = 0;
		};
		4C18CE2A1F63284500EE6CED /* Resources */ = {
			isa = PBXResourcesBuildPhase;
			buildActionMask = 2147483647;
			files = (
			);
			runOnlyForDeploymentPostprocessing = 0;
		};
		4C18CE351F63284500EE6CED /* Resources */ = {
			isa = PBXResourcesBuildPhase;
			buildActionMask = 2147483647;
			files = (
			);
			runOnlyForDeploymentPostprocessing = 0;
		};
/* End PBXResourcesBuildPhase section */

/* Begin PBXShellScriptBuildPhase section */
		74B94EC2CFB60EBAD2A74D1C /* [CP] Copy Pods Resources */ = {
			isa = PBXShellScriptBuildPhase;
			buildActionMask = 2147483647;
			files = (
			);
			inputPaths = (
			);
			name = "[CP] Copy Pods Resources";
			outputPaths = (
			);
			runOnlyForDeploymentPostprocessing = 0;
			shellPath = /bin/sh;
			shellScript = "\"${SRCROOT}/Pods/Target Support Files/Pods-mathfactsquiz/Pods-mathfactsquiz-resources.sh\"\n";
			showEnvVarsInLog = 0;
		};
		A161AAB938647B03570E91C0 /* [CP] Check Pods Manifest.lock */ = {
			isa = PBXShellScriptBuildPhase;
			buildActionMask = 2147483647;
			files = (
			);
			inputPaths = (
				"${PODS_PODFILE_DIR_PATH}/Podfile.lock",
				"${PODS_ROOT}/Manifest.lock",
			);
			name = "[CP] Check Pods Manifest.lock";
			outputPaths = (
				"$(DERIVED_FILE_DIR)/Pods-mathfactsquiz-checkManifestLockResult.txt",
			);
			runOnlyForDeploymentPostprocessing = 0;
			shellPath = /bin/sh;
			shellScript = "diff \"${PODS_ROOT}/../Podfile.lock\" \"${PODS_ROOT}/Manifest.lock\" > /dev/null\nif [ $? != 0 ] ; then\n    # print error to STDERR\n    echo \"error: The sandbox is not in sync with the Podfile.lock. Run 'pod install' or update your CocoaPods installation.\" >&2\n    exit 1\nfi\n";
			showEnvVarsInLog = 0;
		};
		FDAE68131A5E4CC0A6D634EF /* [CP] Embed Pods Frameworks */ = {
			isa = PBXShellScriptBuildPhase;
			buildActionMask = 2147483647;
			files = (
			);
			inputPaths = (
				"${SRCROOT}/Pods/Target Support Files/Pods-mathfactsquiz/Pods-mathfactsquiz-frameworks.sh",
				"${BUILT_PRODUCTS_DIR}/Toaster/Toaster.framework",
			);
			name = "[CP] Embed Pods Frameworks";
			outputPaths = (
				"${TARGET_BUILD_DIR}/${FRAMEWORKS_FOLDER_PATH}/Toaster.framework",
			);
			runOnlyForDeploymentPostprocessing = 0;
			shellPath = /bin/sh;
			shellScript = "\"${SRCROOT}/Pods/Target Support Files/Pods-mathfactsquiz/Pods-mathfactsquiz-frameworks.sh\"\n";
			showEnvVarsInLog = 0;
		};
/* End PBXShellScriptBuildPhase section */

/* Begin PBXSourcesBuildPhase section */
		4C18CE141F63284500EE6CED /* Sources */ = {
			isa = PBXSourcesBuildPhase;
			buildActionMask = 2147483647;
			files = (
				4C81281E1F6DCCFF00982532 /* MathFactView.swift in Sources */,
				4C18CE1E1F63284500EE6CED /* HomeController.swift in Sources */,
				4C18CE4C1F6330DC00EE6CED /* Extensions.swift in Sources */,
				4C18CE4E1F63322E00EE6CED /* DashboardController.swift in Sources */,
				4CDC374C1F633B7700225CAD /* Values.swift in Sources */,
				4C81281C1F6DC4B400982532 /* QuizController.swift in Sources */,
				4C344E781F646815005ECEDA /* KeyboardResizedContainerView.swift in Sources */,
				4C1635D11F6B4F8B0068C84C /* MathFact.swift in Sources */,
				4C18CE1C1F63284500EE6CED /* AppDelegate.swift in Sources */,
			);
			runOnlyForDeploymentPostprocessing = 0;
		};
		4C18CE281F63284500EE6CED /* Sources */ = {
			isa = PBXSourcesBuildPhase;
			buildActionMask = 2147483647;
			files = (
				4C18CE311F63284500EE6CED /* mathfactsquizTests.swift in Sources */,
			);
			runOnlyForDeploymentPostprocessing = 0;
		};
		4C18CE331F63284500EE6CED /* Sources */ = {
			isa = PBXSourcesBuildPhase;
			buildActionMask = 2147483647;
			files = (
				4C18CE3C1F63284500EE6CED /* mathfactsquizUITests.swift in Sources */,
			);
			runOnlyForDeploymentPostprocessing = 0;
		};
/* End PBXSourcesBuildPhase section */

/* Begin PBXTargetDependency section */
		4C18CE2E1F63284500EE6CED /* PBXTargetDependency */ = {
			isa = PBXTargetDependency;
			target = 4C18CE171F63284500EE6CED /* mathfactsquiz */;
			targetProxy = 4C18CE2D1F63284500EE6CED /* PBXContainerItemProxy */;
		};
		4C18CE391F63284500EE6CED /* PBXTargetDependency */ = {
			isa = PBXTargetDependency;
			target = 4C18CE171F63284500EE6CED /* mathfactsquiz */;
			targetProxy = 4C18CE381F63284500EE6CED /* PBXContainerItemProxy */;
		};
/* End PBXTargetDependency section */

/* Begin XCBuildConfiguration section */
		4C18CE3E1F63284500EE6CED /* Debug */ = {
			isa = XCBuildConfiguration;
			buildSettings = {
				ALWAYS_SEARCH_USER_PATHS = NO;
				CLANG_ANALYZER_NONNULL = YES;
				CLANG_ANALYZER_NUMBER_OBJECT_CONVERSION = YES_AGGRESSIVE;
				CLANG_CXX_LANGUAGE_STANDARD = "gnu++0x";
				CLANG_CXX_LIBRARY = "libc++";
				CLANG_ENABLE_MODULES = YES;
				CLANG_ENABLE_OBJC_ARC = YES;
				CLANG_WARN_BOOL_CONVERSION = YES;
				CLANG_WARN_CONSTANT_CONVERSION = YES;
				CLANG_WARN_DIRECT_OBJC_ISA_USAGE = YES_ERROR;
				CLANG_WARN_DOCUMENTATION_COMMENTS = YES;
				CLANG_WARN_EMPTY_BODY = YES;
				CLANG_WARN_ENUM_CONVERSION = YES;
				CLANG_WARN_INFINITE_RECURSION = YES;
				CLANG_WARN_INT_CONVERSION = YES;
				CLANG_WARN_OBJC_ROOT_CLASS = YES_ERROR;
				CLANG_WARN_SUSPICIOUS_MOVE = YES;
				CLANG_WARN_UNREACHABLE_CODE = YES;
				CLANG_WARN__DUPLICATE_METHOD_MATCH = YES;
				"CODE_SIGN_IDENTITY[sdk=iphoneos*]" = "iPhone Developer";
				COPY_PHASE_STRIP = NO;
				DEBUG_INFORMATION_FORMAT = dwarf;
				ENABLE_STRICT_OBJC_MSGSEND = YES;
				ENABLE_TESTABILITY = YES;
				GCC_C_LANGUAGE_STANDARD = gnu99;
				GCC_DYNAMIC_NO_PIC = NO;
				GCC_NO_COMMON_BLOCKS = YES;
				GCC_OPTIMIZATION_LEVEL = 0;
				GCC_PREPROCESSOR_DEFINITIONS = (
					"DEBUG=1",
					"$(inherited)",
				);
				GCC_WARN_64_TO_32_BIT_CONVERSION = YES;
				GCC_WARN_ABOUT_RETURN_TYPE = YES_ERROR;
				GCC_WARN_UNDECLARED_SELECTOR = YES;
				GCC_WARN_UNINITIALIZED_AUTOS = YES_AGGRESSIVE;
				GCC_WARN_UNUSED_FUNCTION = YES;
				GCC_WARN_UNUSED_VARIABLE = YES;
				IPHONEOS_DEPLOYMENT_TARGET = 10.3;
				MTL_ENABLE_DEBUG_INFO = YES;
				ONLY_ACTIVE_ARCH = YES;
				SDKROOT = iphoneos;
				SWIFT_ACTIVE_COMPILATION_CONDITIONS = DEBUG;
				SWIFT_OPTIMIZATION_LEVEL = "-Onone";
				TARGETED_DEVICE_FAMILY = "1,2";
			};
			name = Debug;
		};
		4C18CE3F1F63284500EE6CED /* Release */ = {
			isa = XCBuildConfiguration;
			buildSettings = {
				ALWAYS_SEARCH_USER_PATHS = NO;
				CLANG_ANALYZER_NONNULL = YES;
				CLANG_ANALYZER_NUMBER_OBJECT_CONVERSION = YES_AGGRESSIVE;
				CLANG_CXX_LANGUAGE_STANDARD = "gnu++0x";
				CLANG_CXX_LIBRARY = "libc++";
				CLANG_ENABLE_MODULES = YES;
				CLANG_ENABLE_OBJC_ARC = YES;
				CLANG_WARN_BOOL_CONVERSION = YES;
				CLANG_WARN_CONSTANT_CONVERSION = YES;
				CLANG_WARN_DIRECT_OBJC_ISA_USAGE = YES_ERROR;
				CLANG_WARN_DOCUMENTATION_COMMENTS = YES;
				CLANG_WARN_EMPTY_BODY = YES;
				CLANG_WARN_ENUM_CONVERSION = YES;
				CLANG_WARN_INFINITE_RECURSION = YES;
				CLANG_WARN_INT_CONVERSION = YES;
				CLANG_WARN_OBJC_ROOT_CLASS = YES_ERROR;
				CLANG_WARN_SUSPICIOUS_MOVE = YES;
				CLANG_WARN_UNREACHABLE_CODE = YES;
				CLANG_WARN__DUPLICATE_METHOD_MATCH = YES;
				"CODE_SIGN_IDENTITY[sdk=iphoneos*]" = "iPhone Developer";
				COPY_PHASE_STRIP = NO;
				DEBUG_INFORMATION_FORMAT = "dwarf-with-dsym";
				ENABLE_NS_ASSERTIONS = NO;
				ENABLE_STRICT_OBJC_MSGSEND = YES;
				GCC_C_LANGUAGE_STANDARD = gnu99;
				GCC_NO_COMMON_BLOCKS = YES;
				GCC_WARN_64_TO_32_BIT_CONVERSION = YES;
				GCC_WARN_ABOUT_RETURN_TYPE = YES_ERROR;
				GCC_WARN_UNDECLARED_SELECTOR = YES;
				GCC_WARN_UNINITIALIZED_AUTOS = YES_AGGRESSIVE;
				GCC_WARN_UNUSED_FUNCTION = YES;
				GCC_WARN_UNUSED_VARIABLE = YES;
				IPHONEOS_DEPLOYMENT_TARGET = 10.3;
				MTL_ENABLE_DEBUG_INFO = NO;
				SDKROOT = iphoneos;
				SWIFT_OPTIMIZATION_LEVEL = "-Owholemodule";
				TARGETED_DEVICE_FAMILY = "1,2";
				VALIDATE_PRODUCT = YES;
			};
			name = Release;
		};
		4C18CE411F63284500EE6CED /* Debug */ = {
			isa = XCBuildConfiguration;
			baseConfigurationReference = 521D245F541503AAAE199219 /* Pods-mathfactsquiz.debug.xcconfig */;
			buildSettings = {
				ALWAYS_EMBED_SWIFT_STANDARD_LIBRARIES = "$(inherited)";
				ASSETCATALOG_COMPILER_APPICON_NAME = AppIcon;
				"CODE_SIGN_IDENTITY[sdk=iphoneos*]" = "iPhone Developer";
				DEVELOPMENT_TEAM = JNJXDSD7E8;
				INFOPLIST_FILE = mathfactsquiz/Info.plist;
				IPHONEOS_DEPLOYMENT_TARGET = 9.0;
				LD_RUNPATH_SEARCH_PATHS = "$(inherited) @executable_path/Frameworks";
				PRODUCT_BUNDLE_IDENTIFIER = com.michaelpav.mathfactsquizapp;
				PRODUCT_NAME = "$(TARGET_NAME)";
				PROVISIONING_PROFILE_SPECIFIER = "";
				SWIFT_VERSION = 3.0;
			};
			name = Debug;
		};
		4C18CE421F63284500EE6CED /* Release */ = {
			isa = XCBuildConfiguration;
			baseConfigurationReference = 7552DEB6E7DFB9933F610EA5 /* Pods-mathfactsquiz.release.xcconfig */;
			buildSettings = {
				ALWAYS_EMBED_SWIFT_STANDARD_LIBRARIES = "$(inherited)";
				ASSETCATALOG_COMPILER_APPICON_NAME = AppIcon;
				"CODE_SIGN_IDENTITY[sdk=iphoneos*]" = "iPhone Developer";
				DEVELOPMENT_TEAM = JNJXDSD7E8;
				INFOPLIST_FILE = mathfactsquiz/Info.plist;
				IPHONEOS_DEPLOYMENT_TARGET = 9.0;
				LD_RUNPATH_SEARCH_PATHS = "$(inherited) @executable_path/Frameworks";
				PRODUCT_BUNDLE_IDENTIFIER = com.michaelpav.mathfactsquizapp;
				PRODUCT_NAME = "$(TARGET_NAME)";
				PROVISIONING_PROFILE_SPECIFIER = "";
				SWIFT_VERSION = 3.0;
			};
			name = Release;
		};
		4C18CE441F63284500EE6CED /* Debug */ = {
			isa = XCBuildConfiguration;
			buildSettings = {
				ALWAYS_EMBED_SWIFT_STANDARD_LIBRARIES = YES;
				BUNDLE_LOADER = "$(TEST_HOST)";
				INFOPLIST_FILE = mathfactsquizTests/Info.plist;
				LD_RUNPATH_SEARCH_PATHS = "$(inherited) @executable_path/Frameworks @loader_path/Frameworks";
				PRODUCT_BUNDLE_IDENTIFIER = com.michaelpav.mathfactsquizTests;
				PRODUCT_NAME = "$(TARGET_NAME)";
				SWIFT_VERSION = 3.0;
				TEST_HOST = "$(BUILT_PRODUCTS_DIR)/mathfactsquiz.app/mathfactsquiz";
			};
			name = Debug;
		};
		4C18CE451F63284500EE6CED /* Release */ = {
			isa = XCBuildConfiguration;
			buildSettings = {
				ALWAYS_EMBED_SWIFT_STANDARD_LIBRARIES = YES;
				BUNDLE_LOADER = "$(TEST_HOST)";
				INFOPLIST_FILE = mathfactsquizTests/Info.plist;
				LD_RUNPATH_SEARCH_PATHS = "$(inherited) @executable_path/Frameworks @loader_path/Frameworks";
				PRODUCT_BUNDLE_IDENTIFIER = com.michaelpav.mathfactsquizTests;
				PRODUCT_NAME = "$(TARGET_NAME)";
				SWIFT_VERSION = 3.0;
				TEST_HOST = "$(BUILT_PRODUCTS_DIR)/mathfactsquiz.app/mathfactsquiz";
			};
			name = Release;
		};
		4C18CE471F63284500EE6CED /* Debug */ = {
			isa = XCBuildConfiguration;
			buildSettings = {
				ALWAYS_EMBED_SWIFT_STANDARD_LIBRARIES = YES;
				INFOPLIST_FILE = mathfactsquizUITests/Info.plist;
				LD_RUNPATH_SEARCH_PATHS = "$(inherited) @executable_path/Frameworks @loader_path/Frameworks";
				PRODUCT_BUNDLE_IDENTIFIER = com.michaelpav.mathfactsquizUITests;
				PRODUCT_NAME = "$(TARGET_NAME)";
				SWIFT_VERSION = 3.0;
				TEST_TARGET_NAME = mathfactsquiz;
			};
			name = Debug;
		};
		4C18CE481F63284500EE6CED /* Release */ = {
			isa = XCBuildConfiguration;
			buildSettings = {
				ALWAYS_EMBED_SWIFT_STANDARD_LIBRARIES = YES;
				INFOPLIST_FILE = mathfactsquizUITests/Info.plist;
				LD_RUNPATH_SEARCH_PATHS = "$(inherited) @executable_path/Frameworks @loader_path/Frameworks";
				PRODUCT_BUNDLE_IDENTIFIER = com.michaelpav.mathfactsquizUITests;
				PRODUCT_NAME = "$(TARGET_NAME)";
				SWIFT_VERSION = 3.0;
				TEST_TARGET_NAME = mathfactsquiz;
			};
			name = Release;
		};
/* End XCBuildConfiguration section */

/* Begin XCConfigurationList section */
		4C18CE131F63284500EE6CED /* Build configuration list for PBXProject "mathfactsquiz" */ = {
			isa = XCConfigurationList;
			buildConfigurations = (
				4C18CE3E1F63284500EE6CED /* Debug */,
				4C18CE3F1F63284500EE6CED /* Release */,
			);
			defaultConfigurationIsVisible = 0;
			defaultConfigurationName = Release;
		};
		4C18CE401F63284500EE6CED /* Build configuration list for PBXNativeTarget "mathfactsquiz" */ = {
			isa = XCConfigurationList;
			buildConfigurations = (
				4C18CE411F63284500EE6CED /* Debug */,
				4C18CE421F63284500EE6CED /* Release */,
			);
			defaultConfigurationIsVisible = 0;
			defaultConfigurationName = Release;
		};
		4C18CE431F63284500EE6CED /* Build configuration list for PBXNativeTarget "mathfactsquizTests" */ = {
			isa = XCConfigurationList;
			buildConfigurations = (
				4C18CE441F63284500EE6CED /* Debug */,
				4C18CE451F63284500EE6CED /* Release */,
			);
			defaultConfigurationIsVisible = 0;
			defaultConfigurationName = Release;
		};
		4C18CE461F63284500EE6CED /* Build configuration list for PBXNativeTarget "mathfactsquizUITests" */ = {
			isa = XCConfigurationList;
			buildConfigurations = (
				4C18CE471F63284500EE6CED /* Debug */,
				4C18CE481F63284500EE6CED /* Release */,
			);
			defaultConfigurationIsVisible = 0;
			defaultConfigurationName = Release;
		};
/* End XCConfigurationList section */
	};
	rootObject = 4C18CE101F63284500EE6CED /* Project object */;
}
